
Microsoft Visual Studio Solution File, Format Version 12.00
# Visual Studio Version 17
VisualStudioVersion = 17.3.32901.215
MinimumVisualStudioVersion = 10.0.40219.1
Project("{9A19103F-16F7-4668-BE54-9A1E7A4F7556}") = "DIRT5LanguageSelect", "DIRT5LanguageSelect.csproj", "{EC8E2607-4579-487A-93C5-4F8BD57E5826}"
EndProject
Global
	GlobalSection(SolutionConfigurationPlatforms) = preSolution
		Debug|Any CPU = Debug|Any CPU
		Release|Any CPU = Release|Any CPU
	EndGlobalSection
	GlobalSection(ProjectConfigurationPlatforms) = postSolution
		{EC8E2607-4579-487A-93C5-4F8BD57E5826}.Debug|Any CPU.ActiveCfg = Debug|Any CPU
		{EC8E2607-4579-487A-93C5-4F8BD57E5826}.Debug|Any CPU.Build.0 = Debug|Any CPU
		{EC8E2607-4579-487A-93C5-4F8BD57E5826}.Release|Any CPU.ActiveCfg = Release|Any CPU
		{EC8E2607-4579-487A-93C5-4F8BD57E5826}.Release|Any CPU.Build.0 = Release|Any CPU
	EndGlobalSection
	GlobalSection(SolutionProperties) = preSolution
		HideSolutionNode = FALSE
	EndGlobalSection
	GlobalSection(ExtensibilityGlobals) = postSolution
		SolutionGuid = {D3946887-2A24-4E04-84D9-0AEF2E5096DC}
	EndGlobalSection
EndGlobal
